dependencies:
- name: common
  repository: https://charts.bitnami.com/bitnami
  version: 1.13.1
- name: postgresql
  repository: https://charts.bitnami.com/bitnami
  version: 11.8.1
digest: sha256:e2cd7525eac592839f1b88fd428ab6179089ca80816ae2a602e9231c178e3235
generated: "2022-08-24T22:27:29.542838655Z"
